
Microsoft Visual Studio Solution File, Format Version 12.00
# Visual Studio Version 16
VisualStudioVersion = 16.0.30907.101
MinimumVisualStudioVersion = 10.0.40219.1
Project("{FAE04EC0-301F-11D3-BF4B-00C04F79EFBC}") = "ContactManager2", "ContactManager2\ContactManager2.csproj", "{733677EA-2105-41B0-9EDE-BEA85D756A2F}"
EndProject
Global
	GlobalSection(SolutionConfigurationPlatforms) = preSolution
		Debug|Any CPU = Debug|Any CPU
		Release|Any CPU = Release|Any CPU
	EndGlobalSection
	GlobalSection(ProjectConfigurationPlatforms) = postSolution
		{733677EA-2105-41B0-9EDE-BEA85D756A2F}.Debug|Any CPU.ActiveCfg = Debug|Any CPU
		{733677EA-2105-41B0-9EDE-BEA85D756A2F}.Debug|Any CPU.Build.0 = Debug|Any CPU
		{733677EA-2105-41B0-9EDE-BEA85D756A2F}.Release|Any CPU.ActiveCfg = Release|Any CPU
		{733677EA-2105-41B0-9EDE-BEA85D756A2F}.Release|Any CPU.Build.0 = Release|Any CPU
	EndGlobalSection
	GlobalSection(SolutionProperties) = preSolution
		HideSolutionNode = FALSE
	EndGlobalSection
	GlobalSection(ExtensibilityGlobals) = postSolution
		SolutionGuid = {A5C71157-2A6D-4DB3-90BC-C4644F1F6315}
	EndGlobalSection
EndGlobal
